
Microsoft Visual Studio Solution File, Format Version 12.00
# Visual Studio Version 16
VisualStudioVersion = 16.0.29609.76
MinimumVisualStudioVersion = 10.0.40219.1
Project("{FAE04EC0-301F-11D3-BF4B-00C04F79EFBC}") = "MDKWhitelistExtractor", "..\MDKWhitelistExtractor\MDKWhitelistExtractor.csproj", "{02E93D45-C296-49F4-BEF2-3D5429549917}"
EndProject
Project("{D954291E-2A0B-460D-934E-DC6B0785DB48}") = "Mixin.SteamAndSE", "..\Mixin.SteamAndSE\Mixin.SteamAndSE.shproj", "{9E28967B-803C-4CF2-9A9C-B8135C85266B}"
EndProject
Project("{FAE04EC0-301F-11D3-BF4B-00C04F79EFBC}") = "DocGen2", "..\DocGen2\DocGen2.csproj", "{76F6E75A-EA20-4BA8-8FA5-A1E713BFAFF4}"
EndProject
Global
	GlobalSection(SharedMSBuildProjectFiles) = preSolution
		..\Mixin.SteamAndSE\Mixin.SteamAndSE.projitems*{76f6e75a-ea20-4ba8-8fa5-a1e713bfaff4}*SharedItemsImports = 4
		..\Mixin.SteamAndSE\Mixin.SteamAndSE.projitems*{9e28967b-803c-4cf2-9a9c-b8135c85266b}*SharedItemsImports = 13
	EndGlobalSection
	GlobalSection(SolutionConfigurationPlatforms) = preSolution
		Debug|Any CPU = Debug|Any CPU
		Debug|x64 = Debug|x64
		Release|Any CPU = Release|Any CPU
		Release|x64 = Release|x64
	EndGlobalSection
	GlobalSection(ProjectConfigurationPlatforms) = postSolution
		{02E93D45-C296-49F4-BEF2-3D5429549917}.Debug|Any CPU.ActiveCfg = Debug|x64
		{02E93D45-C296-49F4-BEF2-3D5429549917}.Debug|x64.ActiveCfg = Debug|x64
		{02E93D45-C296-49F4-BEF2-3D5429549917}.Debug|x64.Build.0 = Debug|x64
		{02E93D45-C296-49F4-BEF2-3D5429549917}.Release|Any CPU.ActiveCfg = Release|x64
		{02E93D45-C296-49F4-BEF2-3D5429549917}.Release|x64.ActiveCfg = Release|x64
		{02E93D45-C296-49F4-BEF2-3D5429549917}.Release|x64.Build.0 = Release|x64
		{76F6E75A-EA20-4BA8-8FA5-A1E713BFAFF4}.Debug|Any CPU.ActiveCfg = Debug|Any CPU
		{76F6E75A-EA20-4BA8-8FA5-A1E713BFAFF4}.Debug|Any CPU.Build.0 = Debug|Any CPU
		{76F6E75A-EA20-4BA8-8FA5-A1E713BFAFF4}.Debug|x64.ActiveCfg = Debug|x64
		{76F6E75A-EA20-4BA8-8FA5-A1E713BFAFF4}.Debug|x64.Build.0 = Debug|x64
		{76F6E75A-EA20-4BA8-8FA5-A1E713BFAFF4}.Release|Any CPU.ActiveCfg = Release|Any CPU
		{76F6E75A-EA20-4BA8-8FA5-A1E713BFAFF4}.Release|Any CPU.Build.0 = Release|Any CPU
		{76F6E75A-EA20-4BA8-8FA5-A1E713BFAFF4}.Release|x64.ActiveCfg = Release|x64
		{76F6E75A-EA20-4BA8-8FA5-A1E713BFAFF4}.Release|x64.Build.0 = Release|x64
	EndGlobalSection
	GlobalSection(SolutionProperties) = preSolution
		HideSolutionNode = FALSE
	EndGlobalSection
	GlobalSection(ExtensibilityGlobals) = postSolution
		SolutionGuid = {ED434984-B1F8-4A2F-B438-49D1759486B3}
	EndGlobalSection
EndGlobal
